
Microsoft Visual Studio Solution File, Format Version 12.00
# Visual Studio Version 16
VisualStudioVersion = 16.0.29519.87
MinimumVisualStudioVersion = 10.0.40219.1
Project("{8BC9CEB8-8B4A-11D0-8D11-00A0C91BC942}") = "coil4c", "coil4c\coil4c.vcxproj", "{01D36D37-24B9-4293-B971-1D5700130FB6}"
EndProject
Global
	GlobalSection(SolutionConfigurationPlatforms) = preSolution
		Debug|x64 = Debug|x64
		Debug|x86 = Debug|x86
		Release|x64 = Release|x64
		Release|x86 = Release|x86
	EndGlobalSection
	GlobalSection(ProjectConfigurationPlatforms) = postSolution
		{01D36D37-24B9-4293-B971-1D5700130FB6}.Debug|x64.ActiveCfg = Debug|x64
		{01D36D37-24B9-4293-B971-1D5700130FB6}.Debug|x64.Build.0 = Debug|x64
		{01D36D37-24B9-4293-B971-1D5700130FB6}.Debug|x86.ActiveCfg = Debug|Win32
		{01D36D37-24B9-4293-B971-1D5700130FB6}.Debug|x86.Build.0 = Debug|Win32
		{01D36D37-24B9-4293-B971-1D5700130FB6}.Release|x64.ActiveCfg = Release|x64
		{01D36D37-24B9-4293-B971-1D5700130FB6}.Release|x64.Build.0 = Release|x64
		{01D36D37-24B9-4293-B971-1D5700130FB6}.Release|x86.ActiveCfg = Release|Win32
		{01D36D37-24B9-4293-B971-1D5700130FB6}.Release|x86.Build.0 = Release|Win32
	EndGlobalSection
	GlobalSection(SolutionProperties) = preSolution
		HideSolutionNode = FALSE
	EndGlobalSection
	GlobalSection(ExtensibilityGlobals) = postSolution
		SolutionGuid = {95B6C0F9-D8C7-43F6-AA2E-8492E0F4EC06}
	EndGlobalSection
EndGlobal
